
Microsoft Visual Studio Solution File, Format Version 12.00
# Visual Studio 11
Project("{FAE04EC0-301F-11D3-BF4B-00C04F79EFBC}") = "Jcl.Navigate.Console.App", "Jcl.Navigate.Console.App\Jcl.Navigate.Console.App.csproj", "{BA619E12-3336-4705-BD97-B37924F11360}"
EndProject
Project("{FAE04EC0-301F-11D3-BF4B-00C04F79EFBC}") = "Jcl.Navigate.View.Metro", "Jcl.Navigate.View.Metro\Jcl.Navigate.View.Metro.csproj", "{0351A975-033D-443F-8245-C520188117AA}"
EndProject
Project("{FAE04EC0-301F-11D3-BF4B-00C04F79EFBC}") = "Jcl.Navigate.Model", "Jcl.Navigate.Model\Jcl.Navigate.Model.csproj", "{DCE0B0D1-9B4B-464A-8EFA-71B8994715CC}"
EndProject
Project("{FAE04EC0-301F-11D3-BF4B-00C04F79EFBC}") = "Jcl.Navigate.Services.Contracts", "Jcl.Navigate.Services.Contracts\Jcl.Navigate.Services.Contracts.csproj", "{2C4C812B-0EEC-454C-8B6E-F1DE2C50B1B8}"
EndProject
Project("{FAE04EC0-301F-11D3-BF4B-00C04F79EFBC}") = "Jcl.Navigate.Services.Client", "Jcl.Navigate.Services.Client\Jcl.Navigate.Services.Client.csproj", "{95F0E66E-DD11-42C8-ACB2-E954077571B9}"
EndProject
Project("{FAE04EC0-301F-11D3-BF4B-00C04F79EFBC}") = "Jcl.Navigate.Model.Tests", "Jcl.Navigate.Model.Tests\Jcl.Navigate.Model.Tests.csproj", "{C8985ACB-5D3B-41A9-B451-792B86BC63E6}"
EndProject
Project("{FAE04EC0-301F-11D3-BF4B-00C04F79EFBC}") = "Jcl.Navigate.Services.Contracts.Tests", "Jcl.Navigate.Services.Contracts.Tests\Jcl.Navigate.Services.Contracts.Tests.csproj", "{D527D1CD-8A45-44FA-AB7B-E8098368EDDD}"
EndProject
Project("{FAE04EC0-301F-11D3-BF4B-00C04F79EFBC}") = "Jcl.Navigate.ViewModel", "Jcl.Navigate.ViewModel\Jcl.Navigate.ViewModel.csproj", "{D85E40BC-048C-46BB-9FB7-A6FA97D1D590}"
EndProject
Project("{FAE04EC0-301F-11D3-BF4B-00C04F79EFBC}") = "Jcl.Common", "Jcl.Common\Jcl.Common.csproj", "{38E64434-F0A3-4544-9801-ABF6040082EF}"
EndProject
Global
	GlobalSection(SolutionConfigurationPlatforms) = preSolution
		Debug|ARM = Debug|ARM
		Debug|Any CPU = Debug|Any CPU
		Debug|x64 = Debug|x64
		Debug|x86 = Debug|x86
		Release|ARM = Release|ARM
		Release|Any CPU = Release|Any CPU
		Release|x64 = Release|x64
		Release|x86 = Release|x86
	EndGlobalSection
	GlobalSection(ProjectConfigurationPlatforms) = postSolution
		{0351A975-033D-443F-8245-C520188117AA}.Debug|ARM.ActiveCfg = Debug|ARM
		{0351A975-033D-443F-8245-C520188117AA}.Debug|ARM.Build.0 = Debug|ARM
		{0351A975-033D-443F-8245-C520188117AA}.Debug|ARM.Deploy.0 = Debug|ARM
		{0351A975-033D-443F-8245-C520188117AA}.Debug|Any CPU.ActiveCfg = Debug|Any CPU
		{0351A975-033D-443F-8245-C520188117AA}.Debug|Any CPU.Build.0 = Debug|Any CPU
		{0351A975-033D-443F-8245-C520188117AA}.Debug|Any CPU.Deploy.0 = Debug|Any CPU
		{0351A975-033D-443F-8245-C520188117AA}.Debug|x64.ActiveCfg = Debug|x64
		{0351A975-033D-443F-8245-C520188117AA}.Debug|x64.Build.0 = Debug|x64
		{0351A975-033D-443F-8245-C520188117AA}.Debug|x64.Deploy.0 = Debug|x64
		{0351A975-033D-443F-8245-C520188117AA}.Debug|x86.ActiveCfg = Debug|x86
		{0351A975-033D-443F-8245-C520188117AA}.Debug|x86.Build.0 = Debug|x86
		{0351A975-033D-443F-8245-C520188117AA}.Debug|x86.Deploy.0 = Debug|x86
		{0351A975-033D-443F-8245-C520188117AA}.Release|ARM.ActiveCfg = Release|ARM
		{0351A975-033D-443F-8245-C520188117AA}.Release|ARM.Build.0 = Release|ARM
		{0351A975-033D-443F-8245-C520188117AA}.Release|ARM.Deploy.0 = Release|ARM
		{0351A975-033D-443F-8245-C520188117AA}.Release|Any CPU.ActiveCfg = Release|Any CPU
		{0351A975-033D-443F-8245-C520188117AA}.Release|Any CPU.Build.0 = Release|Any CPU
		{0351A975-033D-443F-8245-C520188117AA}.Release|Any CPU.Deploy.0 = Release|Any CPU
		{0351A975-033D-443F-8245-C520188117AA}.Release|x64.ActiveCfg = Release|x64
		{0351A975-033D-443F-8245-C520188117AA}.Release|x64.Build.0 = Release|x64
		{0351A975-033D-443F-8245-C520188117AA}.Release|x64.Deploy.0 = Release|x64
		{0351A975-033D-443F-8245-C520188117AA}.Release|x86.ActiveCfg = Release|x86
		{0351A975-033D-443F-8245-C520188117AA}.Release|x86.Build.0 = Release|x86
		{0351A975-033D-443F-8245-C520188117AA}.Release|x86.Deploy.0 = Release|x86
		{2C4C812B-0EEC-454C-8B6E-F1DE2C50B1B8}.Debug|ARM.ActiveCfg = Debug|ARM
		{2C4C812B-0EEC-454C-8B6E-F1DE2C50B1B8}.Debug|ARM.Build.0 = Debug|ARM
		{2C4C812B-0EEC-454C-8B6E-F1DE2C50B1B8}.Debug|Any CPU.ActiveCfg = Debug|Any CPU
		{2C4C812B-0EEC-454C-8B6E-F1DE2C50B1B8}.Debug|Any CPU.Build.0 = Debug|Any CPU
		{2C4C812B-0EEC-454C-8B6E-F1DE2C50B1B8}.Debug|x64.ActiveCfg = Debug|x64
		{2C4C812B-0EEC-454C-8B6E-F1DE2C50B1B8}.Debug|x64.Build.0 = Debug|x64
		{2C4C812B-0EEC-454C-8B6E-F1DE2C50B1B8}.Debug|x86.ActiveCfg = Debug|x86
		{2C4C812B-0EEC-454C-8B6E-F1DE2C50B1B8}.Debug|x86.Build.0 = Debug|x86
		{2C4C812B-0EEC-454C-8B6E-F1DE2C50B1B8}.Release|ARM.ActiveCfg = Release|ARM
		{2C4C812B-0EEC-454C-8B6E-F1DE2C50B1B8}.Release|ARM.Build.0 = Release|ARM
		{2C4C812B-0EEC-454C-8B6E-F1DE2C50B1B8}.Release|Any CPU.ActiveCfg = Release|Any CPU
		{2C4C812B-0EEC-454C-8B6E-F1DE2C50B1B8}.Release|Any CPU.Build.0 = Release|Any CPU
		{2C4C812B-0EEC-454C-8B6E-F1DE2C50B1B8}.Release|x64.ActiveCfg = Release|x64
		{2C4C812B-0EEC-454C-8B6E-F1DE2C50B1B8}.Release|x64.Build.0 = Release|x64
		{2C4C812B-0EEC-454C-8B6E-F1DE2C50B1B8}.Release|x86.ActiveCfg = Release|x86
		{2C4C812B-0EEC-454C-8B6E-F1DE2C50B1B8}.Release|x86.Build.0 = Release|x86
		{38E64434-F0A3-4544-9801-ABF6040082EF}.Debug|ARM.ActiveCfg = Debug|ARM
		{38E64434-F0A3-4544-9801-ABF6040082EF}.Debug|ARM.Build.0 = Debug|ARM
		{38E64434-F0A3-4544-9801-ABF6040082EF}.Debug|Any CPU.ActiveCfg = Debug|Any CPU
		{38E64434-F0A3-4544-9801-ABF6040082EF}.Debug|Any CPU.Build.0 = Debug|Any CPU
		{38E64434-F0A3-4544-9801-ABF6040082EF}.Debug|x64.ActiveCfg = Debug|x64
		{38E64434-F0A3-4544-9801-ABF6040082EF}.Debug|x64.Build.0 = Debug|x64
		{38E64434-F0A3-4544-9801-ABF6040082EF}.Debug|x86.ActiveCfg = Debug|x86
		{38E64434-F0A3-4544-9801-ABF6040082EF}.Debug|x86.Build.0 = Debug|x86
		{38E64434-F0A3-4544-9801-ABF6040082EF}.Release|ARM.ActiveCfg = Release|ARM
		{38E64434-F0A3-4544-9801-ABF6040082EF}.Release|ARM.Build.0 = Release|ARM
		{38E64434-F0A3-4544-9801-ABF6040082EF}.Release|Any CPU.ActiveCfg = Release|Any CPU
		{38E64434-F0A3-4544-9801-ABF6040082EF}.Release|Any CPU.Build.0 = Release|Any CPU
		{38E64434-F0A3-4544-9801-ABF6040082EF}.Release|x64.ActiveCfg = Release|x64
		{38E64434-F0A3-4544-9801-ABF6040082EF}.Release|x64.Build.0 = Release|x64
		{38E64434-F0A3-4544-9801-ABF6040082EF}.Release|x86.ActiveCfg = Release|x86
		{38E64434-F0A3-4544-9801-ABF6040082EF}.Release|x86.Build.0 = Release|x86
		{95F0E66E-DD11-42C8-ACB2-E954077571B9}.Debug|ARM.ActiveCfg = Debug|ARM
		{95F0E66E-DD11-42C8-ACB2-E954077571B9}.Debug|ARM.Build.0 = Debug|ARM
		{95F0E66E-DD11-42C8-ACB2-E954077571B9}.Debug|Any CPU.ActiveCfg = Debug|Any CPU
		{95F0E66E-DD11-42C8-ACB2-E954077571B9}.Debug|Any CPU.Build.0 = Debug|Any CPU
		{95F0E66E-DD11-42C8-ACB2-E954077571B9}.Debug|x64.ActiveCfg = Debug|x64
		{95F0E66E-DD11-42C8-ACB2-E954077571B9}.Debug|x64.Build.0 = Debug|x64
		{95F0E66E-DD11-42C8-ACB2-E954077571B9}.Debug|x86.ActiveCfg = Debug|x86
		{95F0E66E-DD11-42C8-ACB2-E954077571B9}.Debug|x86.Build.0 = Debug|x86
		{95F0E66E-DD11-42C8-ACB2-E954077571B9}.Release|ARM.ActiveCfg = Release|ARM
		{95F0E66E-DD11-42C8-ACB2-E954077571B9}.Release|ARM.Build.0 = Release|ARM
		{95F0E66E-DD11-42C8-ACB2-E954077571B9}.Release|Any CPU.ActiveCfg = Release|Any CPU
		{95F0E66E-DD11-42C8-ACB2-E954077571B9}.Release|Any CPU.Build.0 = Release|Any CPU
		{95F0E66E-DD11-42C8-ACB2-E954077571B9}.Release|x64.ActiveCfg = Release|x64
		{95F0E66E-DD11-42C8-ACB2-E954077571B9}.Release|x64.Build.0 = Release|x64
		{95F0E66E-DD11-42C8-ACB2-E954077571B9}.Release|x86.ActiveCfg = Release|x86
		{95F0E66E-DD11-42C8-ACB2-E954077571B9}.Release|x86.Build.0 = Release|x86
		{BA619E12-3336-4705-BD97-B37924F11360}.Debug|ARM.ActiveCfg = Debug|Any CPU
		{BA619E12-3336-4705-BD97-B37924F11360}.Debug|Any CPU.ActiveCfg = Debug|Any CPU
		{BA619E12-3336-4705-BD97-B37924F11360}.Debug|Any CPU.Build.0 = Debug|Any CPU
		{BA619E12-3336-4705-BD97-B37924F11360}.Debug|x64.ActiveCfg = Debug|Any CPU
		{BA619E12-3336-4705-BD97-B37924F11360}.Debug|x86.ActiveCfg = Debug|Any CPU
		{BA619E12-3336-4705-BD97-B37924F11360}.Release|ARM.ActiveCfg = Release|Any CPU
		{BA619E12-3336-4705-BD97-B37924F11360}.Release|Any CPU.ActiveCfg = Release|Any CPU
		{BA619E12-3336-4705-BD97-B37924F11360}.Release|Any CPU.Build.0 = Release|Any CPU
		{BA619E12-3336-4705-BD97-B37924F11360}.Release|x64.ActiveCfg = Release|Any CPU
		{BA619E12-3336-4705-BD97-B37924F11360}.Release|x86.ActiveCfg = Release|Any CPU
		{C8985ACB-5D3B-41A9-B451-792B86BC63E6}.Debug|ARM.ActiveCfg = Debug|ARM
		{C8985ACB-5D3B-41A9-B451-792B86BC63E6}.Debug|ARM.Build.0 = Debug|ARM
		{C8985ACB-5D3B-41A9-B451-792B86BC63E6}.Debug|ARM.Deploy.0 = Debug|ARM
		{C8985ACB-5D3B-41A9-B451-792B86BC63E6}.Debug|Any CPU.ActiveCfg = Debug|Any CPU
		{C8985ACB-5D3B-41A9-B451-792B86BC63E6}.Debug|Any CPU.Build.0 = Debug|Any CPU
		{C8985ACB-5D3B-41A9-B451-792B86BC63E6}.Debug|Any CPU.Deploy.0 = Debug|Any CPU
		{C8985ACB-5D3B-41A9-B451-792B86BC63E6}.Debug|x64.ActiveCfg = Debug|x64
		{C8985ACB-5D3B-41A9-B451-792B86BC63E6}.Debug|x64.Build.0 = Debug|x64
		{C8985ACB-5D3B-41A9-B451-792B86BC63E6}.Debug|x64.Deploy.0 = Debug|x64
		{C8985ACB-5D3B-41A9-B451-792B86BC63E6}.Debug|x86.ActiveCfg = Debug|x86
		{C8985ACB-5D3B-41A9-B451-792B86BC63E6}.Debug|x86.Build.0 = Debug|x86
		{C8985ACB-5D3B-41A9-B451-792B86BC63E6}.Debug|x86.Deploy.0 = Debug|x86
		{C8985ACB-5D3B-41A9-B451-792B86BC63E6}.Release|ARM.ActiveCfg = Release|ARM
		{C8985ACB-5D3B-41A9-B451-792B86BC63E6}.Release|ARM.Build.0 = Release|ARM
		{C8985ACB-5D3B-41A9-B451-792B86BC63E6}.Release|ARM.Deploy.0 = Release|ARM
		{C8985ACB-5D3B-41A9-B451-792B86BC63E6}.Release|Any CPU.ActiveCfg = Release|Any CPU
		{C8985ACB-5D3B-41A9-B451-792B86BC63E6}.Release|Any CPU.Build.0 = Release|Any CPU
		{C8985ACB-5D3B-41A9-B451-792B86BC63E6}.Release|Any CPU.Deploy.0 = Release|Any CPU
		{C8985ACB-5D3B-41A9-B451-792B86BC63E6}.Release|x64.ActiveCfg = Release|x64
		{C8985ACB-5D3B-41A9-B451-792B86BC63E6}.Release|x64.Build.0 = Release|x64
		{C8985ACB-5D3B-41A9-B451-792B86BC63E6}.Release|x64.Deploy.0 = Release|x64
		{C8985ACB-5D3B-41A9-B451-792B86BC63E6}.Release|x86.ActiveCfg = Release|x86
		{C8985ACB-5D3B-41A9-B451-792B86BC63E6}.Release|x86.Build.0 = Release|x86
		{C8985ACB-5D3B-41A9-B451-792B86BC63E6}.Release|x86.Deploy.0 = Release|x86
		{D527D1CD-8A45-44FA-AB7B-E8098368EDDD}.Debug|ARM.ActiveCfg = Debug|ARM
		{D527D1CD-8A45-44FA-AB7B-E8098368EDDD}.Debug|ARM.Build.0 = Debug|ARM
		{D527D1CD-8A45-44FA-AB7B-E8098368EDDD}.Debug|ARM.Deploy.0 = Debug|ARM
		{D527D1CD-8A45-44FA-AB7B-E8098368EDDD}.Debug|Any CPU.ActiveCfg = Debug|Any CPU
		{D527D1CD-8A45-44FA-AB7B-E8098368EDDD}.Debug|Any CPU.Build.0 = Debug|Any CPU
		{D527D1CD-8A45-44FA-AB7B-E8098368EDDD}.Debug|Any CPU.Deploy.0 = Debug|Any CPU
		{D527D1CD-8A45-44FA-AB7B-E8098368EDDD}.Debug|x64.ActiveCfg = Debug|x64
		{D527D1CD-8A45-44FA-AB7B-E8098368EDDD}.Debug|x64.Build.0 = Debug|x64
		{D527D1CD-8A45-44FA-AB7B-E8098368EDDD}.Debug|x64.Deploy.0 = Debug|x64
		{D527D1CD-8A45-44FA-AB7B-E8098368EDDD}.Debug|x86.ActiveCfg = Debug|x86
		{D527D1CD-8A45-44FA-AB7B-E8098368EDDD}.Debug|x86.Build.0 = Debug|x86
		{D527D1CD-8A45-44FA-AB7B-E8098368EDDD}.Debug|x86.Deploy.0 = Debug|x86
		{D527D1CD-8A45-44FA-AB7B-E8098368EDDD}.Release|ARM.ActiveCfg = Release|ARM
		{D527D1CD-8A45-44FA-AB7B-E8098368EDDD}.Release|ARM.Build.0 = Release|ARM
		{D527D1CD-8A45-44FA-AB7B-E8098368EDDD}.Release|ARM.Deploy.0 = Release|ARM
		{D527D1CD-8A45-44FA-AB7B-E8098368EDDD}.Release|Any CPU.ActiveCfg = Release|Any CPU
		{D527D1CD-8A45-44FA-AB7B-E8098368EDDD}.Release|Any CPU.Build.0 = Release|Any CPU
		{D527D1CD-8A45-44FA-AB7B-E8098368EDDD}.Release|Any CPU.Deploy.0 = Release|Any CPU
		{D527D1CD-8A45-44FA-AB7B-E8098368EDDD}.Release|x64.ActiveCfg = Release|x64
		{D527D1CD-8A45-44FA-AB7B-E8098368EDDD}.Release|x64.Build.0 = Release|x64
		{D527D1CD-8A45-44FA-AB7B-E8098368EDDD}.Release|x64.Deploy.0 = Release|x64
		{D527D1CD-8A45-44FA-AB7B-E8098368EDDD}.Release|x86.ActiveCfg = Release|x86
		{D527D1CD-8A45-44FA-AB7B-E8098368EDDD}.Release|x86.Build.0 = Release|x86
		{D527D1CD-8A45-44FA-AB7B-E8098368EDDD}.Release|x86.Deploy.0 = Release|x86
		{D85E40BC-048C-46BB-9FB7-A6FA97D1D590}.Debug|ARM.ActiveCfg = Debug|ARM
		{D85E40BC-048C-46BB-9FB7-A6FA97D1D590}.Debug|ARM.Build.0 = Debug|ARM
		{D85E40BC-048C-46BB-9FB7-A6FA97D1D590}.Debug|Any CPU.ActiveCfg = Debug|Any CPU
		{D85E40BC-048C-46BB-9FB7-A6FA97D1D590}.Debug|Any CPU.Build.0 = Debug|Any CPU
		{D85E40BC-048C-46BB-9FB7-A6FA97D1D590}.Debug|x64.ActiveCfg = Debug|x64
		{D85E40BC-048C-46BB-9FB7-A6FA97D1D590}.Debug|x64.Build.0 = Debug|x64
		{D85E40BC-048C-46BB-9FB7-A6FA97D1D590}.Debug|x86.ActiveCfg = Debug|x86
		{D85E40BC-048C-46BB-9FB7-A6FA97D1D590}.Debug|x86.Build.0 = Debug|x86
		{D85E40BC-048C-46BB-9FB7-A6FA97D1D590}.Release|ARM.ActiveCfg = Release|ARM
		{D85E40BC-048C-46BB-9FB7-A6FA97D1D590}.Release|ARM.Build.0 = Release|ARM
		{D85E40BC-048C-46BB-9FB7-A6FA97D1D590}.Release|Any CPU.ActiveCfg = Release|Any CPU
		{D85E40BC-048C-46BB-9FB7-A6FA97D1D590}.Release|Any CPU.Build.0 = Release|Any CPU
		{D85E40BC-048C-46BB-9FB7-A6FA97D1D590}.Release|x64.ActiveCfg = Release|x64
		{D85E40BC-048C-46BB-9FB7-A6FA97D1D590}.Release|x64.Build.0 = Release|x64
		{D85E40BC-048C-46BB-9FB7-A6FA97D1D590}.Release|x86.ActiveCfg = Release|x86
		{D85E40BC-048C-46BB-9FB7-A6FA97D1D590}.Release|x86.Build.0 = Release|x86
		{DCE0B0D1-9B4B-464A-8EFA-71B8994715CC}.Debug|ARM.ActiveCfg = Debug|ARM
		{DCE0B0D1-9B4B-464A-8EFA-71B8994715CC}.Debug|ARM.Build.0 = Debug|ARM
		{DCE0B0D1-9B4B-464A-8EFA-71B8994715CC}.Debug|Any CPU.ActiveCfg = Debug|Any CPU
		{DCE0B0D1-9B4B-464A-8EFA-71B8994715CC}.Debug|Any CPU.Build.0 = Debug|Any CPU
		{DCE0B0D1-9B4B-464A-8EFA-71B8994715CC}.Debug|x64.ActiveCfg = Debug|x64
		{DCE0B0D1-9B4B-464A-8EFA-71B8994715CC}.Debug|x64.Build.0 = Debug|x64
		{DCE0B0D1-9B4B-464A-8EFA-71B8994715CC}.Debug|x86.ActiveCfg = Debug|x86
		{DCE0B0D1-9B4B-464A-8EFA-71B8994715CC}.Debug|x86.Build.0 = Debug|x86
		{DCE0B0D1-9B4B-464A-8EFA-71B8994715CC}.Release|ARM.ActiveCfg = Release|ARM
		{DCE0B0D1-9B4B-464A-8EFA-71B8994715CC}.Release|ARM.Build.0 = Release|ARM
		{DCE0B0D1-9B4B-464A-8EFA-71B8994715CC}.Release|Any CPU.ActiveCfg = Release|Any CPU
		{DCE0B0D1-9B4B-464A-8EFA-71B8994715CC}.Release|Any CPU.Build.0 = Release|Any CPU
		{DCE0B0D1-9B4B-464A-8EFA-71B8994715CC}.Release|x64.ActiveCfg = Release|x64
		{DCE0B0D1-9B4B-464A-8EFA-71B8994715CC}.Release|x64.Build.0 = Release|x64
		{DCE0B0D1-9B4B-464A-8EFA-71B8994715CC}.Release|x86.ActiveCfg = Release|x86
		{DCE0B0D1-9B4B-464A-8EFA-71B8994715CC}.Release|x86.Build.0 = Release|x86
	EndGlobalSection
	GlobalSection(SolutionProperties) = preSolution
		HideSolutionNode = FALSE
	EndGlobalSection
EndGlobal
